<?xml version="1.0" encoding="utf-8"?>
<Project ToolsVersion="4.0" xmlns="http://schemas.microsoft.com/developer/msbuild/2003">
  <ItemGroup>
    <Filter Include="mips">
      <UniqueIdentifier>{36e21b2e-a810-4018-9de1-14733a10d7f3}</UniqueIdentifier>
    </Filter>
    <Filter Include="Header Files">
      <UniqueIdentifier>{ae8afb40-11c0-4ee3-8113-d0e140acfd2c}</UniqueIdentifier>
    </Filter>
    <Filter Include="Source Files">
      <UniqueIdentifier>{c9108245-0864-4c7c-80e0-e7f5b8fc63f2}</UniqueIdentifier>
    </Filter>
    <Filter Include="x86">
      <UniqueIdentifier>{5cebac74-822d-4133-bc87-3d56672818a7}</UniqueIdentifier>
    </Filter>
    <Filter Include="asmjit">
      <UniqueIdentifier>{2e623636-ca11-4a24-88d9-1d129e8f7318}</UniqueIdentifier>
    </Filter>
  </ItemGroup>
  <ItemGroup>
    <ClInclude Include="..\backend\mips\mipscodegen.h">
      <Filter>mips</Filter>
    </ClInclude>
    <ClInclude Include="..\backend\mips\mipsinstset.h">
      <Filter>mips</Filter>
    </ClInclude>
    <ClInclude Include="..\include\backend\backendcodegen.h">
      <Filter>Header Files</Filter>
    </ClInclude>
    <ClInclude Include="..\include\backend\iarchcodegen.h">
      <Filter>Header Files</Filter>
    </ClInclude>
    <ClInclude Include="..\backend\tempstacksize.h">
      <Filter>Header Files</Filter>
    </ClInclude>
    <ClInclude Include="..\include\backend\backendvar.h">
      <Filter>Header Files</Filter>
    </ClInclude>
    <ClInclude Include="..\backend\mips\mipspatternmatch.h">
      <Filter>mips</Filter>
    </ClInclude>
    <ClInclude Include="..\backend\regalloc.h">
      <Filter>Header Files</Filter>
    </ClInclude>
    <ClInclude Include="..\backend\x86\x86codegen.h">
      <Filter>x86</Filter>
    </ClInclude>
    <ClInclude Include="..\backend\x86\x86instset.h">
      <Filter>x86</Filter>
    </ClInclude>
    <ClInclude Include="..\backend\x86\x86patternmatch.h">
      <Filter>x86</Filter>
    </ClInclude>
    <ClInclude Include="..\backend\x86\LinearScan.h">
      <Filter>x86</Filter>
    </ClInclude>
    <ClInclude Include="..\backend\x86\x86defines.h">
      <Filter>x86</Filter>
    </ClInclude>
    <ClInclude Include="..\backend\asmjit\asmjit_codegen.h">
      <Filter>asmjit</Filter>
    </ClInclude>
    <ClInclude Include="..\backend\asmjit\asmjit_patternmatch.h">
      <Filter>asmjit</Filter>
    </ClInclude>
  </ItemGroup>
  <ItemGroup>
    <ClCompile Include="..\backend\mips\mipscodegen.cpp">
      <Filter>mips</Filter>
    </ClCompile>
    <ClCompile Include="..\backend\mips\mipsinstset.cpp">
      <Filter>mips</Filter>
    </ClCompile>
    <ClCompile Include="..\backend\backendcodegen.cpp">
      <Filter>Source Files</Filter>
    </ClCompile>
    <ClCompile Include="..\backend\tempstacksize.cpp">
      <Filter>Source Files</Filter>
    </ClCompile>
    <ClCompile Include="..\backend\mips\mipspatternmatch.cpp">
      <Filter>mips</Filter>
    </ClCompile>
    <ClCompile Include="..\backend\regalloc.cpp">
      <Filter>Source Files</Filter>
    </ClCompile>
    <ClCompile Include="..\backend\x86\x86codegen.cpp">
      <Filter>x86</Filter>
    </ClCompile>
    <ClCompile Include="..\backend\x86\x86instset.cpp">
      <Filter>x86</Filter>
    </ClCompile>
    <ClCompile Include="..\backend\x86\x86patternmatch.cpp">
      <Filter>x86</Filter>
    </ClCompile>
    <ClCompile Include="..\backend\x86\x86defines.cpp">
      <Filter>x86</Filter>
    </ClCompile>
    <ClCompile Include="..\backend\x86\LinearScan.cpp">
      <Filter>x86</Filter>
    </ClCompile>
    <ClCompile Include="..\backend\asmjit\asmjit_codegen.cpp">
      <Filter>asmjit</Filter>
    </ClCompile>
    <ClCompile Include="..\backend\asmjit\asmjit_patternmatch.cpp">
      <Filter>asmjit</Filter>
    </ClCompile>
  </ItemGroup>
</Project>