<?xml version="1.0" encoding="utf-8"?>
<Project ToolsVersion="4.0" xmlns="http://schemas.microsoft.com/developer/msbuild/2003">
  <ItemGroup>
    <Filter Include="Source Files">
      <UniqueIdentifier>{4FC737F1-C7A5-4376-A066-2A32D752A2FF}</UniqueIdentifier>
      <Extensions>cpp;c;cc;cxx;def;odl;idl;hpj;bat;asm;asmx</Extensions>
    </Filter>
    <Filter Include="Header Files">
      <UniqueIdentifier>{93995380-89BD-4b04-88EB-625FBE52EBFB}</UniqueIdentifier>
      <Extensions>h;hpp;hxx;hm;inl;inc;xsd</Extensions>
    </Filter>
    <Filter Include="grammar">
      <UniqueIdentifier>{2fc06bc6-f3f7-4305-8e7b-0bdb4a485901}</UniqueIdentifier>
    </Filter>
    <Filter Include="generated">
      <UniqueIdentifier>{7d5e8f14-b749-4384-a835-d320aa7791d4}</UniqueIdentifier>
    </Filter>
  </ItemGroup>
  <ItemGroup>
    <ClCompile Include="..\frontend\ASTBuilder.cpp">
      <Filter>Source Files</Filter>
    </ClCompile>
    <ClCompile Include="..\frontend\codegen.cpp">
      <Filter>Source Files</Filter>
    </ClCompile>
    <ClCompile Include="..\frontend\genIL.cpp">
      <Filter>Source Files</Filter>
    </ClCompile>
    <ClCompile Include="..\frontend\genllvm.cpp">
      <Filter>Source Files</Filter>
    </ClCompile>
    <ClCompile Include="..\frontend\PrintVisitor.cpp">
      <Filter>Source Files</Filter>
    </ClCompile>
    <ClCompile Include="..\frontend\generated\parser.cpp">
      <Filter>generated</Filter>
    </ClCompile>
    <ClCompile Include="..\frontend\generated\lexer.cpp">
      <Filter>generated</Filter>
    </ClCompile>
  </ItemGroup>
  <ItemGroup>
    <CustomBuild Include="..\frontend\grammar\lexer.l">
      <Filter>grammar</Filter>
    </CustomBuild>
    <CustomBuild Include="..\frontend\grammar\parser.y">
      <Filter>grammar</Filter>
    </CustomBuild>
  </ItemGroup>
  <ItemGroup>
    <ClInclude Include="..\frontend\generated\parser.h">
      <Filter>generated</Filter>
    </ClInclude>
    <ClInclude Include="..\include\frontend\ASTBuilder.h">
      <Filter>Header Files</Filter>
    </ClInclude>
    <ClInclude Include="..\include\frontend\codegen.h">
      <Filter>Header Files</Filter>
    </ClInclude>
    <ClInclude Include="..\include\frontend\CompEA.h">
      <Filter>Header Files</Filter>
    </ClInclude>
    <ClInclude Include="..\include\frontend\genIL.h">
      <Filter>Header Files</Filter>
    </ClInclude>
    <ClInclude Include="..\include\frontend\genllvm.h">
      <Filter>Header Files</Filter>
    </ClInclude>
    <ClInclude Include="..\include\frontend\IClassVisitor.h">
      <Filter>Header Files</Filter>
    </ClInclude>
    <ClInclude Include="..\include\frontend\parser.h">
      <Filter>Header Files</Filter>
    </ClInclude>
    <ClInclude Include="..\include\frontend\PrintVisitor.h">
      <Filter>Header Files</Filter>
    </ClInclude>
    <ClInclude Include="..\include\frontend\SSAConstructor.h">
      <Filter>Header Files</Filter>
    </ClInclude>
    <ClInclude Include="..\include\frontend\Type.h">
      <Filter>Header Files</Filter>
    </ClInclude>
  </ItemGroup>
</Project>